
Microsoft Visual Studio Solution File, Format Version 12.00
# Visual Studio Version 16
VisualStudioVersion = 16.0.30907.101
MinimumVisualStudioVersion = 10.0.40219.1
Project("{FAE04EC0-301F-11D3-BF4B-00C04F79EFBC}") = "ArgusCR1000", "ArgusCR1000\ArgusCR1000.csproj", "{57D18A1B-02EE-4F52-B38A-E5212832FFAD}"
EndProject
Project("{FAE04EC0-301F-11D3-BF4B-00C04F79EFBC}") = "ArgusCR1008", "ArgusCR1008\ArgusCR1008.csproj", "{6F6997C9-3BBC-40CB-AD77-7FE3E321218F}"
EndProject
Project("{FAE04EC0-301F-11D3-BF4B-00C04F79EFBC}") = "ArgusCR1012", "ArgusCR1012\ArgusCR1012.csproj", "{2BE458F6-E168-4877-82C6-1C86F4F22A2D}"
EndProject
Project("{FAE04EC0-301F-11D3-BF4B-00C04F79EFBC}") = "ArgusDS", "..\ArgusDS\ArgusDS.csproj", "{8C80BB4D-7697-414C-8DE7-93EC9FF0CF2F}"
EndProject
Project("{FAE04EC0-301F-11D3-BF4B-00C04F79EFBC}") = "ReportViewer", "..\..\Utilities\ReportViewer\ReportViewer.csproj", "{F56B391A-D424-4925-B347-A0CA39E21AEE}"
EndProject
Global
	GlobalSection(SolutionConfigurationPlatforms) = preSolution
		Debug|Any CPU = Debug|Any CPU
		Release|Any CPU = Release|Any CPU
	EndGlobalSection
	GlobalSection(ProjectConfigurationPlatforms) = postSolution
		{57D18A1B-02EE-4F52-B38A-E5212832FFAD}.Debug|Any CPU.ActiveCfg = Debug|Any CPU
		{57D18A1B-02EE-4F52-B38A-E5212832FFAD}.Debug|Any CPU.Build.0 = Debug|Any CPU
		{57D18A1B-02EE-4F52-B38A-E5212832FFAD}.Release|Any CPU.ActiveCfg = Release|Any CPU
		{57D18A1B-02EE-4F52-B38A-E5212832FFAD}.Release|Any CPU.Build.0 = Release|Any CPU
		{6F6997C9-3BBC-40CB-AD77-7FE3E321218F}.Debug|Any CPU.ActiveCfg = Debug|Any CPU
		{6F6997C9-3BBC-40CB-AD77-7FE3E321218F}.Debug|Any CPU.Build.0 = Debug|Any CPU
		{6F6997C9-3BBC-40CB-AD77-7FE3E321218F}.Release|Any CPU.ActiveCfg = Release|Any CPU
		{6F6997C9-3BBC-40CB-AD77-7FE3E321218F}.Release|Any CPU.Build.0 = Release|Any CPU
		{2BE458F6-E168-4877-82C6-1C86F4F22A2D}.Debug|Any CPU.ActiveCfg = Debug|Any CPU
		{2BE458F6-E168-4877-82C6-1C86F4F22A2D}.Debug|Any CPU.Build.0 = Debug|Any CPU
		{2BE458F6-E168-4877-82C6-1C86F4F22A2D}.Release|Any CPU.ActiveCfg = Release|Any CPU
		{2BE458F6-E168-4877-82C6-1C86F4F22A2D}.Release|Any CPU.Build.0 = Release|Any CPU
		{8C80BB4D-7697-414C-8DE7-93EC9FF0CF2F}.Debug|Any CPU.ActiveCfg = Debug|Any CPU
		{8C80BB4D-7697-414C-8DE7-93EC9FF0CF2F}.Debug|Any CPU.Build.0 = Debug|Any CPU
		{8C80BB4D-7697-414C-8DE7-93EC9FF0CF2F}.Release|Any CPU.ActiveCfg = Release|Any CPU
		{8C80BB4D-7697-414C-8DE7-93EC9FF0CF2F}.Release|Any CPU.Build.0 = Release|Any CPU
		{F56B391A-D424-4925-B347-A0CA39E21AEE}.Debug|Any CPU.ActiveCfg = Debug|Any CPU
		{F56B391A-D424-4925-B347-A0CA39E21AEE}.Debug|Any CPU.Build.0 = Debug|Any CPU
		{F56B391A-D424-4925-B347-A0CA39E21AEE}.Release|Any CPU.ActiveCfg = Release|Any CPU
		{F56B391A-D424-4925-B347-A0CA39E21AEE}.Release|Any CPU.Build.0 = Release|Any CPU
	EndGlobalSection
	GlobalSection(SolutionProperties) = preSolution
		HideSolutionNode = FALSE
	EndGlobalSection
	GlobalSection(ExtensibilityGlobals) = postSolution
		SolutionGuid = {A13C5190-9B7A-4DE6-9BD2-D6858603A636}
	EndGlobalSection
EndGlobal
