
Microsoft Visual Studio Solution File, Format Version 12.00
# Visual Studio Version 16
VisualStudioVersion = 16.0.32929.386
MinimumVisualStudioVersion = 10.0.40219.1
Project("{FAE04EC0-301F-11D3-BF4B-00C04F79EFBC}") = "ArgusCR1008", "ArgusCR1008\ArgusCR1008.csproj", "{6F6997C9-3BBC-40CB-AD77-7FE3E321218F}"
EndProject
Project("{FAE04EC0-301F-11D3-BF4B-00C04F79EFBC}") = "ArgusCR1012", "ArgusCR1012\ArgusCR1012.csproj", "{2BE458F6-E168-4877-82C6-1C86F4F22A2D}"
EndProject
Project("{FAE04EC0-301F-11D3-BF4B-00C04F79EFBC}") = "ReportViewer", "..\..\Utilities\ReportViewer\ReportViewer.csproj", "{F56B391A-D424-4925-B347-A0CA39E21AEE}"
EndProject
Project("{FAE04EC0-301F-11D3-BF4B-00C04F79EFBC}") = "ArgusCR1000", "ArgusCR1000\ArgusCR1000.csproj", "{57D18A1B-02EE-4F52-B38A-E5212832FFAD}"
EndProject
Project("{FAE04EC0-301F-11D3-BF4B-00C04F79EFBC}") = "ArgusCR1006", "ArgusCR1006\ArgusCR1006.csproj", "{C65EB5AE-4210-4204-A96C-2464882D32EF}"
EndProject
Project("{FAE04EC0-301F-11D3-BF4B-00C04F79EFBC}") = "ArgusCR1019", "ArgusCR1019\ArgusCR1019.csproj", "{CFFF75DE-CF33-41AC-9EAF-1A284D894951}"
EndProject
Project("{FAE04EC0-301F-11D3-BF4B-00C04F79EFBC}") = "ArgusCR1009", "ArgusCR1009\ArgusCR1009.csproj", "{7952D2CB-615F-4FE4-88EB-0B569748D6D7}"
EndProject
Project("{FAE04EC0-301F-11D3-BF4B-00C04F79EFBC}") = "ArgusCR1018", "ArgusCR1018\ArgusCR1018.csproj", "{A89AC65B-FD8B-43CE-B879-7BA1C27B0E98}"
EndProject
Project("{FAE04EC0-301F-11D3-BF4B-00C04F79EFBC}") = "ArgusCR1017", "ArgusCR1017\ArgusCR1017.csproj", "{160E62C8-2439-473E-A4E5-8183D5938C6B}"
EndProject
Project("{FAE04EC0-301F-11D3-BF4B-00C04F79EFBC}") = "ArgusCR1024", "ArgusCR1024\ArgusCR1024.csproj", "{411E847A-65A1-4367-A3DF-216ABCE209C0}"
EndProject
Project("{FAE04EC0-301F-11D3-BF4B-00C04F79EFBC}") = "ArgusCR1016", "ArgusCR1016\ArgusCR1016.csproj", "{E71CB848-AF29-43C1-9563-3FCDDCBE7A8B}"
EndProject
Project("{FAE04EC0-301F-11D3-BF4B-00C04F79EFBC}") = "ArgusRPT", "..\ArgusRPT\ArgusRPT.csproj", "{934CF394-F4DE-4AE8-BDD4-260E28B789DF}"
EndProject
Project("{FAE04EC0-301F-11D3-BF4B-00C04F79EFBC}") = "ArgusCR1028", "ArgusCR1028\ArgusCR1028.csproj", "{93B2D24F-6A46-436C-A4C3-C5EEDAEBE18C}"
EndProject
Project("{FAE04EC0-301F-11D3-BF4B-00C04F79EFBC}") = "ArgusCR1025", "ArgusCR1025\ArgusCR1025.csproj", "{83D0602D-E2F3-48BE-B73F-148A271C5C5B}"
EndProject
Project("{FAE04EC0-301F-11D3-BF4B-00C04F79EFBC}") = "ArgusCR120", "ArgusCR120\ArgusCR120.csproj", "{C2F1EEA5-736F-4AB7-AD1D-0E235BE5D3DB}"
EndProject
Global
	GlobalSection(SolutionConfigurationPlatforms) = preSolution
		Debug|Any CPU = Debug|Any CPU
		Release|Any CPU = Release|Any CPU
	EndGlobalSection
	GlobalSection(ProjectConfigurationPlatforms) = postSolution
		{6F6997C9-3BBC-40CB-AD77-7FE3E321218F}.Debug|Any CPU.ActiveCfg = Debug|Any CPU
		{6F6997C9-3BBC-40CB-AD77-7FE3E321218F}.Debug|Any CPU.Build.0 = Debug|Any CPU
		{6F6997C9-3BBC-40CB-AD77-7FE3E321218F}.Release|Any CPU.ActiveCfg = Release|Any CPU
		{6F6997C9-3BBC-40CB-AD77-7FE3E321218F}.Release|Any CPU.Build.0 = Release|Any CPU
		{2BE458F6-E168-4877-82C6-1C86F4F22A2D}.Debug|Any CPU.ActiveCfg = Debug|Any CPU
		{2BE458F6-E168-4877-82C6-1C86F4F22A2D}.Debug|Any CPU.Build.0 = Debug|Any CPU
		{2BE458F6-E168-4877-82C6-1C86F4F22A2D}.Release|Any CPU.ActiveCfg = Release|Any CPU
		{2BE458F6-E168-4877-82C6-1C86F4F22A2D}.Release|Any CPU.Build.0 = Release|Any CPU
		{F56B391A-D424-4925-B347-A0CA39E21AEE}.Debug|Any CPU.ActiveCfg = Debug|Any CPU
		{F56B391A-D424-4925-B347-A0CA39E21AEE}.Debug|Any CPU.Build.0 = Debug|Any CPU
		{F56B391A-D424-4925-B347-A0CA39E21AEE}.Release|Any CPU.ActiveCfg = Release|Any CPU
		{F56B391A-D424-4925-B347-A0CA39E21AEE}.Release|Any CPU.Build.0 = Release|Any CPU
		{57D18A1B-02EE-4F52-B38A-E5212832FFAD}.Debug|Any CPU.ActiveCfg = Debug|Any CPU
		{57D18A1B-02EE-4F52-B38A-E5212832FFAD}.Debug|Any CPU.Build.0 = Debug|Any CPU
		{57D18A1B-02EE-4F52-B38A-E5212832FFAD}.Release|Any CPU.ActiveCfg = Release|Any CPU
		{57D18A1B-02EE-4F52-B38A-E5212832FFAD}.Release|Any CPU.Build.0 = Release|Any CPU
		{C65EB5AE-4210-4204-A96C-2464882D32EF}.Debug|Any CPU.ActiveCfg = Debug|Any CPU
		{C65EB5AE-4210-4204-A96C-2464882D32EF}.Debug|Any CPU.Build.0 = Debug|Any CPU
		{C65EB5AE-4210-4204-A96C-2464882D32EF}.Release|Any CPU.ActiveCfg = Release|Any CPU
		{C65EB5AE-4210-4204-A96C-2464882D32EF}.Release|Any CPU.Build.0 = Release|Any CPU
		{CFFF75DE-CF33-41AC-9EAF-1A284D894951}.Debug|Any CPU.ActiveCfg = Debug|Any CPU
		{CFFF75DE-CF33-41AC-9EAF-1A284D894951}.Debug|Any CPU.Build.0 = Debug|Any CPU
		{CFFF75DE-CF33-41AC-9EAF-1A284D894951}.Release|Any CPU.ActiveCfg = Release|Any CPU
		{CFFF75DE-CF33-41AC-9EAF-1A284D894951}.Release|Any CPU.Build.0 = Release|Any CPU
		{7952D2CB-615F-4FE4-88EB-0B569748D6D7}.Debug|Any CPU.ActiveCfg = Debug|Any CPU
		{7952D2CB-615F-4FE4-88EB-0B569748D6D7}.Debug|Any CPU.Build.0 = Debug|Any CPU
		{7952D2CB-615F-4FE4-88EB-0B569748D6D7}.Release|Any CPU.ActiveCfg = Release|Any CPU
		{7952D2CB-615F-4FE4-88EB-0B569748D6D7}.Release|Any CPU.Build.0 = Release|Any CPU
		{A89AC65B-FD8B-43CE-B879-7BA1C27B0E98}.Debug|Any CPU.ActiveCfg = Debug|Any CPU
		{A89AC65B-FD8B-43CE-B879-7BA1C27B0E98}.Debug|Any CPU.Build.0 = Debug|Any CPU
		{A89AC65B-FD8B-43CE-B879-7BA1C27B0E98}.Release|Any CPU.ActiveCfg = Release|Any CPU
		{A89AC65B-FD8B-43CE-B879-7BA1C27B0E98}.Release|Any CPU.Build.0 = Release|Any CPU
		{160E62C8-2439-473E-A4E5-8183D5938C6B}.Debug|Any CPU.ActiveCfg = Debug|Any CPU
		{160E62C8-2439-473E-A4E5-8183D5938C6B}.Debug|Any CPU.Build.0 = Debug|Any CPU
		{160E62C8-2439-473E-A4E5-8183D5938C6B}.Release|Any CPU.ActiveCfg = Release|Any CPU
		{160E62C8-2439-473E-A4E5-8183D5938C6B}.Release|Any CPU.Build.0 = Release|Any CPU
		{411E847A-65A1-4367-A3DF-216ABCE209C0}.Debug|Any CPU.ActiveCfg = Debug|Any CPU
		{411E847A-65A1-4367-A3DF-216ABCE209C0}.Debug|Any CPU.Build.0 = Debug|Any CPU
		{411E847A-65A1-4367-A3DF-216ABCE209C0}.Release|Any CPU.ActiveCfg = Release|Any CPU
		{411E847A-65A1-4367-A3DF-216ABCE209C0}.Release|Any CPU.Build.0 = Release|Any CPU
		{E71CB848-AF29-43C1-9563-3FCDDCBE7A8B}.Debug|Any CPU.ActiveCfg = Debug|Any CPU
		{E71CB848-AF29-43C1-9563-3FCDDCBE7A8B}.Debug|Any CPU.Build.0 = Debug|Any CPU
		{E71CB848-AF29-43C1-9563-3FCDDCBE7A8B}.Release|Any CPU.ActiveCfg = Release|Any CPU
		{E71CB848-AF29-43C1-9563-3FCDDCBE7A8B}.Release|Any CPU.Build.0 = Release|Any CPU
		{934CF394-F4DE-4AE8-BDD4-260E28B789DF}.Debug|Any CPU.ActiveCfg = Debug|Any CPU
		{934CF394-F4DE-4AE8-BDD4-260E28B789DF}.Debug|Any CPU.Build.0 = Debug|Any CPU
		{934CF394-F4DE-4AE8-BDD4-260E28B789DF}.Release|Any CPU.ActiveCfg = Release|Any CPU
		{934CF394-F4DE-4AE8-BDD4-260E28B789DF}.Release|Any CPU.Build.0 = Release|Any CPU
		{93B2D24F-6A46-436C-A4C3-C5EEDAEBE18C}.Debug|Any CPU.ActiveCfg = Debug|Any CPU
		{93B2D24F-6A46-436C-A4C3-C5EEDAEBE18C}.Debug|Any CPU.Build.0 = Debug|Any CPU
		{93B2D24F-6A46-436C-A4C3-C5EEDAEBE18C}.Release|Any CPU.ActiveCfg = Release|Any CPU
		{93B2D24F-6A46-436C-A4C3-C5EEDAEBE18C}.Release|Any CPU.Build.0 = Release|Any CPU
		{83D0602D-E2F3-48BE-B73F-148A271C5C5B}.Debug|Any CPU.ActiveCfg = Debug|Any CPU
		{83D0602D-E2F3-48BE-B73F-148A271C5C5B}.Debug|Any CPU.Build.0 = Debug|Any CPU
		{83D0602D-E2F3-48BE-B73F-148A271C5C5B}.Release|Any CPU.ActiveCfg = Release|Any CPU
		{83D0602D-E2F3-48BE-B73F-148A271C5C5B}.Release|Any CPU.Build.0 = Release|Any CPU
		{C2F1EEA5-736F-4AB7-AD1D-0E235BE5D3DB}.Debug|Any CPU.ActiveCfg = Debug|Any CPU
		{C2F1EEA5-736F-4AB7-AD1D-0E235BE5D3DB}.Debug|Any CPU.Build.0 = Debug|Any CPU
		{C2F1EEA5-736F-4AB7-AD1D-0E235BE5D3DB}.Release|Any CPU.ActiveCfg = Release|Any CPU
		{C2F1EEA5-736F-4AB7-AD1D-0E235BE5D3DB}.Release|Any CPU.Build.0 = Release|Any CPU
	EndGlobalSection
	GlobalSection(SolutionProperties) = preSolution
		HideSolutionNode = FALSE
	EndGlobalSection
	GlobalSection(ExtensibilityGlobals) = postSolution
		SolutionGuid = {A13C5190-9B7A-4DE6-9BD2-D6858603A636}
	EndGlobalSection
EndGlobal
