
Microsoft Visual Studio Solution File, Format Version 12.00
# Visual Studio Version 16
VisualStudioVersion = 16.0.32929.386
MinimumVisualStudioVersion = 10.0.40219.1
Project("{FAE04EC0-301F-11D3-BF4B-00C04F79EFBC}") = "ArgusCR1012", "ArgusCR1012\ArgusCR1012.csproj", "{2BE458F6-E168-4877-82C6-1C86F4F22A2D}"
EndProject
Project("{FAE04EC0-301F-11D3-BF4B-00C04F79EFBC}") = "ArgusCR1000", "ArgusCR1000\ArgusCR1000.csproj", "{57D18A1B-02EE-4F52-B38A-E5212832FFAD}"
EndProject
Project("{FAE04EC0-301F-11D3-BF4B-00C04F79EFBC}") = "ArgusCR1016", "ArgusCR1016\ArgusCR1016.csproj", "{E71CB848-AF29-43C1-9563-3FCDDCBE7A8B}"
EndProject
Project("{FAE04EC0-301F-11D3-BF4B-00C04F79EFBC}") = "ArgusRPT", "..\ArgusRPT\ArgusRPT.csproj", "{934CF394-F4DE-4AE8-BDD4-260E28B789DF}"
EndProject
Project("{FAE04EC0-301F-11D3-BF4B-00C04F79EFBC}") = "ArgusCR1029", "ArgusCR1029\ArgusCR1029.csproj", "{C2F1EEA5-736F-4AB7-AD1D-0E235BE5D3DB}"
EndProject
Project("{FAE04EC0-301F-11D3-BF4B-00C04F79EFBC}") = "ArgusCR1026", "ArgusCR1026\ArgusCR1026.csproj", "{73310B45-2952-4184-9E77-9DCDF5E83389}"
EndProject
Project("{FAE04EC0-301F-11D3-BF4B-00C04F79EFBC}") = "ArgusCR1004", "ArgusCR1004\ArgusCR1004.csproj", "{C65EB5AE-4210-4204-A96C-2464882D32EF}"
EndProject
Project("{FAE04EC0-301F-11D3-BF4B-00C04F79EFBC}") = "ReportViewer", "..\ReportViewer\ReportViewer.csproj", "{F56B391A-D424-4925-B347-A0CA39E21AEE}"
EndProject
Project("{FAE04EC0-301F-11D3-BF4B-00C04F79EFBC}") = "SharedClasses", "..\..\SharedClasses\SharedClasses.csproj", "{85DF1484-AF16-4BF2-BDA3-96E42017C8D8}"
EndProject
Project("{FAE04EC0-301F-11D3-BF4B-00C04F79EFBC}") = "ArgusCR1009", "ArgusCR1009\ArgusCR1009.csproj", "{575CECD2-87E8-4736-B0E5-89A05241D9D3}"
EndProject
Global
	GlobalSection(SolutionConfigurationPlatforms) = preSolution
		Debug|Any CPU = Debug|Any CPU
		Release|Any CPU = Release|Any CPU
	EndGlobalSection
	GlobalSection(ProjectConfigurationPlatforms) = postSolution
		{2BE458F6-E168-4877-82C6-1C86F4F22A2D}.Debug|Any CPU.ActiveCfg = Debug|Any CPU
		{2BE458F6-E168-4877-82C6-1C86F4F22A2D}.Debug|Any CPU.Build.0 = Debug|Any CPU
		{2BE458F6-E168-4877-82C6-1C86F4F22A2D}.Release|Any CPU.ActiveCfg = Release|Any CPU
		{2BE458F6-E168-4877-82C6-1C86F4F22A2D}.Release|Any CPU.Build.0 = Release|Any CPU
		{57D18A1B-02EE-4F52-B38A-E5212832FFAD}.Debug|Any CPU.ActiveCfg = Debug|Any CPU
		{57D18A1B-02EE-4F52-B38A-E5212832FFAD}.Debug|Any CPU.Build.0 = Debug|Any CPU
		{57D18A1B-02EE-4F52-B38A-E5212832FFAD}.Release|Any CPU.ActiveCfg = Release|Any CPU
		{57D18A1B-02EE-4F52-B38A-E5212832FFAD}.Release|Any CPU.Build.0 = Release|Any CPU
		{E71CB848-AF29-43C1-9563-3FCDDCBE7A8B}.Debug|Any CPU.ActiveCfg = Debug|Any CPU
		{E71CB848-AF29-43C1-9563-3FCDDCBE7A8B}.Debug|Any CPU.Build.0 = Debug|Any CPU
		{E71CB848-AF29-43C1-9563-3FCDDCBE7A8B}.Release|Any CPU.ActiveCfg = Release|Any CPU
		{E71CB848-AF29-43C1-9563-3FCDDCBE7A8B}.Release|Any CPU.Build.0 = Release|Any CPU
		{934CF394-F4DE-4AE8-BDD4-260E28B789DF}.Debug|Any CPU.ActiveCfg = Debug|Any CPU
		{934CF394-F4DE-4AE8-BDD4-260E28B789DF}.Debug|Any CPU.Build.0 = Debug|Any CPU
		{934CF394-F4DE-4AE8-BDD4-260E28B789DF}.Release|Any CPU.ActiveCfg = Release|Any CPU
		{934CF394-F4DE-4AE8-BDD4-260E28B789DF}.Release|Any CPU.Build.0 = Release|Any CPU
		{C2F1EEA5-736F-4AB7-AD1D-0E235BE5D3DB}.Debug|Any CPU.ActiveCfg = Debug|Any CPU
		{C2F1EEA5-736F-4AB7-AD1D-0E235BE5D3DB}.Debug|Any CPU.Build.0 = Debug|Any CPU
		{C2F1EEA5-736F-4AB7-AD1D-0E235BE5D3DB}.Release|Any CPU.ActiveCfg = Release|Any CPU
		{C2F1EEA5-736F-4AB7-AD1D-0E235BE5D3DB}.Release|Any CPU.Build.0 = Release|Any CPU
		{73310B45-2952-4184-9E77-9DCDF5E83389}.Debug|Any CPU.ActiveCfg = Debug|Any CPU
		{73310B45-2952-4184-9E77-9DCDF5E83389}.Debug|Any CPU.Build.0 = Debug|Any CPU
		{73310B45-2952-4184-9E77-9DCDF5E83389}.Release|Any CPU.ActiveCfg = Release|Any CPU
		{73310B45-2952-4184-9E77-9DCDF5E83389}.Release|Any CPU.Build.0 = Release|Any CPU
		{C65EB5AE-4210-4204-A96C-2464882D32EF}.Debug|Any CPU.ActiveCfg = Debug|Any CPU
		{C65EB5AE-4210-4204-A96C-2464882D32EF}.Debug|Any CPU.Build.0 = Debug|Any CPU
		{C65EB5AE-4210-4204-A96C-2464882D32EF}.Release|Any CPU.ActiveCfg = Release|Any CPU
		{C65EB5AE-4210-4204-A96C-2464882D32EF}.Release|Any CPU.Build.0 = Release|Any CPU
		{F56B391A-D424-4925-B347-A0CA39E21AEE}.Debug|Any CPU.ActiveCfg = Debug|Any CPU
		{F56B391A-D424-4925-B347-A0CA39E21AEE}.Debug|Any CPU.Build.0 = Debug|Any CPU
		{F56B391A-D424-4925-B347-A0CA39E21AEE}.Release|Any CPU.ActiveCfg = Release|Any CPU
		{F56B391A-D424-4925-B347-A0CA39E21AEE}.Release|Any CPU.Build.0 = Release|Any CPU
		{85DF1484-AF16-4BF2-BDA3-96E42017C8D8}.Debug|Any CPU.ActiveCfg = Debug|Any CPU
		{85DF1484-AF16-4BF2-BDA3-96E42017C8D8}.Debug|Any CPU.Build.0 = Debug|Any CPU
		{85DF1484-AF16-4BF2-BDA3-96E42017C8D8}.Release|Any CPU.ActiveCfg = Release|Any CPU
		{85DF1484-AF16-4BF2-BDA3-96E42017C8D8}.Release|Any CPU.Build.0 = Release|Any CPU
		{575CECD2-87E8-4736-B0E5-89A05241D9D3}.Debug|Any CPU.ActiveCfg = Debug|Any CPU
		{575CECD2-87E8-4736-B0E5-89A05241D9D3}.Debug|Any CPU.Build.0 = Debug|Any CPU
		{575CECD2-87E8-4736-B0E5-89A05241D9D3}.Release|Any CPU.ActiveCfg = Release|Any CPU
		{575CECD2-87E8-4736-B0E5-89A05241D9D3}.Release|Any CPU.Build.0 = Release|Any CPU
	EndGlobalSection
	GlobalSection(SolutionProperties) = preSolution
		HideSolutionNode = FALSE
	EndGlobalSection
	GlobalSection(ExtensibilityGlobals) = postSolution
		SolutionGuid = {A13C5190-9B7A-4DE6-9BD2-D6858603A636}
	EndGlobalSection
EndGlobal
